// !$*UTF8*$!
{
	archiveVersion = 1;
	classes = {
	};
	objectVersion = 51;
	objects = {

/* Begin PBXBuildFile section */
		31D1354FDE784A1B2D151523 /* Pods_PaymentsApp.framework in Frameworks */ = {isa = PBXBuildFile; fileRef = 6F5E352D4132460B6BBB4AA2 /* Pods_PaymentsApp.framework */; };
		342F722324B5C6A3002808B4 /* AppDelegate.swift in Sources */ = {isa = PBXBuildFile; fileRef = 342F722224B5C6A3002808B4 /* AppDelegate.swift */; };
		342F722724B5C6A3002808B4 /* ViewController.swift in Sources */ = {isa = PBXBuildFile; fileRef = 342F722624B5C6A3002808B4 /* ViewController.swift */; };
		342F722A24B5C6A3002808B4 /* Main.storyboard in Resources */ = {isa = PBXBuildFile; fileRef = 342F722824B5C6A3002808B4 /* Main.storyboard */; };
		342F722C24B5C6A6002808B4 /* Assets.xcassets in Resources */ = {isa = PBXBuildFile; fileRef = 342F722B24B5C6A6002808B4 /* Assets.xcassets */; };
		342F722F24B5C6A6002808B4 /* LaunchScreen.storyboard in Resources */ = {isa = PBXBuildFile; fileRef = 342F722D24B5C6A6002808B4 /* LaunchScreen.storyboard */; };
		342F723A24B5C6A6002808B4 /* PaymentsAppTests.swift in Sources */ = {isa = PBXBuildFile; fileRef = 342F723924B5C6A6002808B4 /* PaymentsAppTests.swift */; };
		342F724524B5C6A6002808B4 /* PaymentsAppUITests.swift in Sources */ = {isa = PBXBuildFile; fileRef = 342F724424B5C6A6002808B4 /* PaymentsAppUITests.swift */; };
		345EB00124BC26A600088C8B /* LoginController.swift in Sources */ = {isa = PBXBuildFile; fileRef = 345EB00024BC26A600088C8B /* LoginController.swift */; };
		345EB00424BC2FC400088C8B /* ParentTextField.swift in Sources */ = {isa = PBXBuildFile; fileRef = 345EB00324BC2FC400088C8B /* ParentTextField.swift */; };
		345EB00824BC349900088C8B /* UIColor+Extension.swift in Sources */ = {isa = PBXBuildFile; fileRef = 345EB00724BC349900088C8B /* UIColor+Extension.swift */; };
		345EB00A24BC4B4D00088C8B /* ParentButton.swift in Sources */ = {isa = PBXBuildFile; fileRef = 345EB00924BC4B4D00088C8B /* ParentButton.swift */; };
		345EB01324BD7E0C00088C8B /* NSString+Encryption.m in Sources */ = {isa = PBXBuildFile; fileRef = 345EB01024BD7E0B00088C8B /* NSString+Encryption.m */; };
		345EB01424BD7E0C00088C8B /* NSData+Conversion.m in Sources */ = {isa = PBXBuildFile; fileRef = 345EB01124BD7E0B00088C8B /* NSData+Conversion.m */; };
		345EB01524BD7E0C00088C8B /* NSData+Encryption.m in Sources */ = {isa = PBXBuildFile; fileRef = 345EB01224BD7E0C00088C8B /* NSData+Encryption.m */; };
		345EB01724BD7EF100088C8B /* String+Extension.swift in Sources */ = {isa = PBXBuildFile; fileRef = 345EB01624BD7EF100088C8B /* String+Extension.swift */; };
		345EB01924BD7FF800088C8B /* LoginViewModel.swift in Sources */ = {isa = PBXBuildFile; fileRef = 345EB01824BD7FF800088C8B /* LoginViewModel.swift */; };
		345EB01B24BD83F200088C8B /* Dynamic.swift in Sources */ = {isa = PBXBuildFile; fileRef = 345EB01A24BD83F200088C8B /* Dynamic.swift */; };
		345EB01D24BD844300088C8B /* ViewModel.swift in Sources */ = {isa = PBXBuildFile; fileRef = 345EB01C24BD844300088C8B /* ViewModel.swift */; };
		345EB01F24BD849200088C8B /* ExistingUserMobRegRooted.swift in Sources */ = {isa = PBXBuildFile; fileRef = 345EB01E24BD849200088C8B /* ExistingUserMobRegRooted.swift */; };
		44B9851D37C87ACB1D3A852F /* Pods_PaymentsAppTests.framework in Frameworks */ = {isa = PBXBuildFile; fileRef = 460C6B24000B312981E906BD /* Pods_PaymentsAppTests.framework */; };
		87015B74B05A65E717EA4FCB /* Pods_PaymentsApp_PaymentsAppUITests.framework in Frameworks */ = {isa = PBXBuildFile; fileRef = FD5ADC7CD2F439EACB5B914B /* Pods_PaymentsApp_PaymentsAppUITests.framework */; };
/* End PBXBuildFile section */

/* Begin PBXContainerItemProxy section */
		342F723624B5C6A6002808B4 /* PBXContainerItemProxy */ = {
			isa = PBXContainerItemProxy;
			containerPortal = 342F721724B5C6A3002808B4 /* Project object */;
			proxyType = 1;
			remoteGlobalIDString = 342F721E24B5C6A3002808B4;
			remoteInfo = PaymentsApp;
		};
		342F724124B5C6A6002808B4 /* PBXContainerItemProxy */ = {
			isa = PBXContainerItemProxy;
			containerPortal = 342F721724B5C6A3002808B4 /* Project object */;
			proxyType = 1;
			remoteGlobalIDString = 342F721E24B5C6A3002808B4;
			remoteInfo = PaymentsApp;
		};
/* End PBXContainerItemProxy section */

/* Begin PBXFileReference section */
		2E021ADAA5AABDE3E42DFDEE /* Pods-PaymentsApp.release.xcconfig */ = {isa = PBXFileReference; includeInIndex = 1; lastKnownFileType = text.xcconfig; name = "Pods-PaymentsApp.release.xcconfig"; path = "Target Support Files/Pods-PaymentsApp/Pods-PaymentsApp.release.xcconfig"; sourceTree = "<group>"; };
		342F721F24B5C6A3002808B4 /* PaymentsApp.app */ = {isa = PBXFileReference; explicitFileType = wrapper.application; includeInIndex = 0; path = PaymentsApp.app; sourceTree = BUILT_PRODUCTS_DIR; };
		342F722224B5C6A3002808B4 /* AppDelegate.swift */ = {isa = PBXFileReference; lastKnownFileType = sourcecode.swift; path = AppDelegate.swift; sourceTree = "<group>"; };
		342F722624B5C6A3002808B4 /* ViewController.swift */ = {isa = PBXFileReference; lastKnownFileType = sourcecode.swift; path = ViewController.swift; sourceTree = "<group>"; };
		342F722924B5C6A3002808B4 /* Base */ = {isa = PBXFileReference; lastKnownFileType = file.storyboard; name = Base; path = Base.lproj/Main.storyboard; sourceTree = "<group>"; };
		342F722B24B5C6A6002808B4 /* Assets.xcassets */ = {isa = PBXFileReference; lastKnownFileType = folder.assetcatalog; path = Assets.xcassets; sourceTree = "<group>"; };
		342F722E24B5C6A6002808B4 /* Base */ = {isa = PBXFileReference; lastKnownFileType = file.storyboard; name = Base; path = Base.lproj/LaunchScreen.storyboard; sourceTree = "<group>"; };
		342F723024B5C6A6002808B4 /* Info.plist */ = {isa = PBXFileReference; lastKnownFileType = text.plist.xml; path = Info.plist; sourceTree = "<group>"; };
		342F723524B5C6A6002808B4 /* PaymentsAppTests.xctest */ = {isa = PBXFileReference; explicitFileType = wrapper.cfbundle; includeInIndex = 0; path = PaymentsAppTests.xctest; sourceTree = BUILT_PRODUCTS_DIR; };
		342F723924B5C6A6002808B4 /* PaymentsAppTests.swift */ = {isa = PBXFileReference; lastKnownFileType = sourcecode.swift; path = PaymentsAppTests.swift; sourceTree = "<group>"; };
		342F723B24B5C6A6002808B4 /* Info.plist */ = {isa = PBXFileReference; lastKnownFileType = text.plist.xml; path = Info.plist; sourceTree = "<group>"; };
		342F724024B5C6A6002808B4 /* PaymentsAppUITests.xctest */ = {isa = PBXFileReference; explicitFileType = wrapper.cfbundle; includeInIndex = 0; path = PaymentsAppUITests.xctest; sourceTree = BUILT_PRODUCTS_DIR; };
		342F724424B5C6A6002808B4 /* PaymentsAppUITests.swift */ = {isa = PBXFileReference; lastKnownFileType = sourcecode.swift; path = PaymentsAppUITests.swift; sourceTree = "<group>"; };
		342F724624B5C6A6002808B4 /* Info.plist */ = {isa = PBXFileReference; lastKnownFileType = text.plist.xml; path = Info.plist; sourceTree = "<group>"; };
		342F725224B5D993002808B4 /* PaymentsApp.entitlements */ = {isa = PBXFileReference; lastKnownFileType = text.plist.entitlements; path = PaymentsApp.entitlements; sourceTree = "<group>"; };
		345EB00024BC26A600088C8B /* LoginController.swift */ = {isa = PBXFileReference; lastKnownFileType = sourcecode.swift; path = LoginController.swift; sourceTree = "<group>"; };
		345EB00324BC2FC400088C8B /* ParentTextField.swift */ = {isa = PBXFileReference; lastKnownFileType = sourcecode.swift; path = ParentTextField.swift; sourceTree = "<group>"; };
		345EB00724BC349900088C8B /* UIColor+Extension.swift */ = {isa = PBXFileReference; lastKnownFileType = sourcecode.swift; path = "UIColor+Extension.swift"; sourceTree = "<group>"; };
		345EB00924BC4B4D00088C8B /* ParentButton.swift */ = {isa = PBXFileReference; lastKnownFileType = sourcecode.swift; path = ParentButton.swift; sourceTree = "<group>"; };
		345EB00C24BD7E0A00088C8B /* PaymentsApp-Bridging-Header.h */ = {isa = PBXFileReference; lastKnownFileType = sourcecode.c.h; path = "PaymentsApp-Bridging-Header.h"; sourceTree = "<group>"; };
		345EB00D24BD7E0B00088C8B /* NSData+Conversion.h */ = {isa = PBXFileReference; fileEncoding = 4; lastKnownFileType = sourcecode.c.h; path = "NSData+Conversion.h"; sourceTree = "<group>"; };
		345EB00E24BD7E0B00088C8B /* NSData+Encryption.h */ = {isa = PBXFileReference; fileEncoding = 4; lastKnownFileType = sourcecode.c.h; path = "NSData+Encryption.h"; sourceTree = "<group>"; };
		345EB00F24BD7E0B00088C8B /* NSString+Encryption.h */ = {isa = PBXFileReference; fileEncoding = 4; lastKnownFileType = sourcecode.c.h; path = "NSString+Encryption.h"; sourceTree = "<group>"; };
		345EB01024BD7E0B00088C8B /* NSString+Encryption.m */ = {isa = PBXFileReference; fileEncoding = 4; lastKnownFileType = sourcecode.c.objc; path = "NSString+Encryption.m"; sourceTree = "<group>"; };
		345EB01124BD7E0B00088C8B /* NSData+Conversion.m */ = {isa = PBXFileReference; fileEncoding = 4; lastKnownFileType = sourcecode.c.objc; path = "NSData+Conversion.m"; sourceTree = "<group>"; };
		345EB01224BD7E0C00088C8B /* NSData+Encryption.m */ = {isa = PBXFileReference; fileEncoding = 4; lastKnownFileType = sourcecode.c.objc; path = "NSData+Encryption.m"; sourceTree = "<group>"; };
		345EB01624BD7EF100088C8B /* String+Extension.swift */ = {isa = PBXFileReference; lastKnownFileType = sourcecode.swift; path = "String+Extension.swift"; sourceTree = "<group>"; };
		345EB01824BD7FF800088C8B /* LoginViewModel.swift */ = {isa = PBXFileReference; lastKnownFileType = sourcecode.swift; path = LoginViewModel.swift; sourceTree = "<group>"; };
		345EB01A24BD83F200088C8B /* Dynamic.swift */ = {isa = PBXFileReference; lastKnownFileType = sourcecode.swift; path = Dynamic.swift; sourceTree = "<group>"; };
		345EB01C24BD844300088C8B /* ViewModel.swift */ = {isa = PBXFileReference; lastKnownFileType = sourcecode.swift; path = ViewModel.swift; sourceTree = "<group>"; };
		345EB01E24BD849200088C8B /* ExistingUserMobRegRooted.swift */ = {isa = PBXFileReference; lastKnownFileType = sourcecode.swift; path = ExistingUserMobRegRooted.swift; sourceTree = "<group>"; };
		460C6B24000B312981E906BD /* Pods_PaymentsAppTests.framework */ = {isa = PBXFileReference; explicitFileType = wrapper.framework; includeInIndex = 0; path = Pods_PaymentsAppTests.framework; sourceTree = BUILT_PRODUCTS_DIR; };
		6F5E352D4132460B6BBB4AA2 /* Pods_PaymentsApp.framework */ = {isa = PBXFileReference; explicitFileType = wrapper.framework; includeInIndex = 0; path = Pods_PaymentsApp.framework; sourceTree = BUILT_PRODUCTS_DIR; };
		742EA16B622169BA8406574B /* Pods-PaymentsApp-PaymentsAppUITests.release.xcconfig */ = {isa = PBXFileReference; includeInIndex = 1; lastKnownFileType = text.xcconfig; name = "Pods-PaymentsApp-PaymentsAppUITests.release.xcconfig"; path = "Target Support Files/Pods-PaymentsApp-PaymentsAppUITests/Pods-PaymentsApp-PaymentsAppUITests.release.xcconfig"; sourceTree = "<group>"; };
		75AD39B2437EA4950689D04F /* Pods-PaymentsApp.debug.xcconfig */ = {isa = PBXFileReference; includeInIndex = 1; lastKnownFileType = text.xcconfig; name = "Pods-PaymentsApp.debug.xcconfig"; path = "Target Support Files/Pods-PaymentsApp/Pods-PaymentsApp.debug.xcconfig"; sourceTree = "<group>"; };
		B74A3BD49B98D43671DA74BE /* Pods-PaymentsAppTests.release.xcconfig */ = {isa = PBXFileReference; includeInIndex = 1; lastKnownFileType = text.xcconfig; name = "Pods-PaymentsAppTests.release.xcconfig"; path = "Target Support Files/Pods-PaymentsAppTests/Pods-PaymentsAppTests.release.xcconfig"; sourceTree = "<group>"; };
		DB197DE8C9F88B646B45B829 /* Pods-PaymentsApp-PaymentsAppUITests.debug.xcconfig */ = {isa = PBXFileReference; includeInIndex = 1; lastKnownFileType = text.xcconfig; name = "Pods-PaymentsApp-PaymentsAppUITests.debug.xcconfig"; path = "Target Support Files/Pods-PaymentsApp-PaymentsAppUITests/Pods-PaymentsApp-PaymentsAppUITests.debug.xcconfig"; sourceTree = "<group>"; };
		EB3C35944817E14738BCA9CF /* Pods-PaymentsAppTests.debug.xcconfig */ = {isa = PBXFileReference; includeInIndex = 1; lastKnownFileType = text.xcconfig; name = "Pods-PaymentsAppTests.debug.xcconfig"; path = "Target Support Files/Pods-PaymentsAppTests/Pods-PaymentsAppTests.debug.xcconfig"; sourceTree = "<group>"; };
		FD5ADC7CD2F439EACB5B914B /* Pods_PaymentsApp_PaymentsAppUITests.framework */ = {isa = PBXFileReference; explicitFileType = wrapper.framework; includeInIndex = 0; path = Pods_PaymentsApp_PaymentsAppUITests.framework; sourceTree = BUILT_PRODUCTS_DIR; };
/* End PBXFileReference section */

/* Begin PBXFrameworksBuildPhase section */
		342F721C24B5C6A3002808B4 /* Frameworks */ = {
			isa = PBXFrameworksBuildPhase;
			buildActionMask = 2147483647;
			files = (
				31D1354FDE784A1B2D151523 /* Pods_PaymentsApp.framework in Frameworks */,
			);
			runOnlyForDeploymentPostprocessing = 0;
		};
		342F723224B5C6A6002808B4 /* Frameworks */ = {
			isa = PBXFrameworksBuildPhase;
			buildActionMask = 2147483647;
			files = (
				44B9851D37C87ACB1D3A852F /* Pods_PaymentsAppTests.framework in Frameworks */,
			);
			runOnlyForDeploymentPostprocessing = 0;
		};
		342F723D24B5C6A6002808B4 /* Frameworks */ = {
			isa = PBXFrameworksBuildPhase;
			buildActionMask = 2147483647;
			files = (
				87015B74B05A65E717EA4FCB /* Pods_PaymentsApp_PaymentsAppUITests.framework in Frameworks */,
			);
			runOnlyForDeploymentPostprocessing = 0;
		};
/* End PBXFrameworksBuildPhase section */

/* Begin PBXGroup section */
		2329497C7D105ED08AADDDC7 /* Frameworks */ = {
			isa = PBXGroup;
			children = (
				6F5E352D4132460B6BBB4AA2 /* Pods_PaymentsApp.framework */,
				FD5ADC7CD2F439EACB5B914B /* Pods_PaymentsApp_PaymentsAppUITests.framework */,
				460C6B24000B312981E906BD /* Pods_PaymentsAppTests.framework */,
			);
			name = Frameworks;
			sourceTree = "<group>";
		};
		342F721624B5C6A3002808B4 = {
			isa = PBXGroup;
			children = (
				342F722124B5C6A3002808B4 /* PaymentsApp */,
				342F723824B5C6A6002808B4 /* PaymentsAppTests */,
				342F724324B5C6A6002808B4 /* PaymentsAppUITests */,
				342F722024B5C6A3002808B4 /* Products */,
				C02205A43B93910C57F93DCC /* Pods */,
				2329497C7D105ED08AADDDC7 /* Frameworks */,
			);
			sourceTree = "<group>";
		};
		342F722024B5C6A3002808B4 /* Products */ = {
			isa = PBXGroup;
			children = (
				342F721F24B5C6A3002808B4 /* PaymentsApp.app */,
				342F723524B5C6A6002808B4 /* PaymentsAppTests.xctest */,
				342F724024B5C6A6002808B4 /* PaymentsAppUITests.xctest */,
			);
			name = Products;
			sourceTree = "<group>";
		};
		342F722124B5C6A3002808B4 /* PaymentsApp */ = {
			isa = PBXGroup;
			children = (
				342F722224B5C6A3002808B4 /* AppDelegate.swift */,
				342F725224B5D993002808B4 /* PaymentsApp.entitlements */,
				342F723024B5C6A6002808B4 /* Info.plist */,
				345EAFFF24BC265B00088C8B /* View */,
				345EAFFE24BC264E00088C8B /* ViewModel */,
				345EAFFD24BC264200088C8B /* Model */,
				345EB00524BC344900088C8B /* Stores */,
				345EB00624BC347600088C8B /* Helpers */,
				345EB00224BC276F00088C8B /* UIComponents */,
				345EB00B24BD7DF600088C8B /* Frameworks */,
				342F722624B5C6A3002808B4 /* ViewController.swift */,
			);
			path = PaymentsApp;
			sourceTree = "<group>";
		};
		342F723824B5C6A6002808B4 /* PaymentsAppTests */ = {
			isa = PBXGroup;
			children = (
				342F723924B5C6A6002808B4 /* PaymentsAppTests.swift */,
				342F723B24B5C6A6002808B4 /* Info.plist */,
			);
			path = PaymentsAppTests;
			sourceTree = "<group>";
		};
		342F724324B5C6A6002808B4 /* PaymentsAppUITests */ = {
			isa = PBXGroup;
			children = (
				342F724424B5C6A6002808B4 /* PaymentsAppUITests.swift */,
				342F724624B5C6A6002808B4 /* Info.plist */,
			);
			path = PaymentsAppUITests;
			sourceTree = "<group>";
		};
		345EAFFD24BC264200088C8B /* Model */ = {
			isa = PBXGroup;
			children = (
				345EB01E24BD849200088C8B /* ExistingUserMobRegRooted.swift */,
			);
			path = Model;
			sourceTree = "<group>";
		};
		345EAFFE24BC264E00088C8B /* ViewModel */ = {
			isa = PBXGroup;
			children = (
				345EB01C24BD844300088C8B /* ViewModel.swift */,
				345EB01824BD7FF800088C8B /* LoginViewModel.swift */,
				345EB01A24BD83F200088C8B /* Dynamic.swift */,
			);
			path = ViewModel;
			sourceTree = "<group>";
		};
		345EAFFF24BC265B00088C8B /* View */ = {
			isa = PBXGroup;
			children = (
				345EB00024BC26A600088C8B /* LoginController.swift */,
			);
			path = View;
			sourceTree = "<group>";
		};
		345EB00224BC276F00088C8B /* UIComponents */ = {
			isa = PBXGroup;
			children = (
				345EB00324BC2FC400088C8B /* ParentTextField.swift */,
				345EB00924BC4B4D00088C8B /* ParentButton.swift */,
			);
			path = UIComponents;
			sourceTree = "<group>";
		};
		345EB00524BC344900088C8B /* Stores */ = {
			isa = PBXGroup;
			children = (
				342F722B24B5C6A6002808B4 /* Assets.xcassets */,
				342F722D24B5C6A6002808B4 /* LaunchScreen.storyboard */,
				342F722824B5C6A3002808B4 /* Main.storyboard */,
			);
			path = Stores;
			sourceTree = "<group>";
		};
		345EB00624BC347600088C8B /* Helpers */ = {
			isa = PBXGroup;
			children = (
				345EB00724BC349900088C8B /* UIColor+Extension.swift */,
				345EB01624BD7EF100088C8B /* String+Extension.swift */,
			);
			path = Helpers;
			sourceTree = "<group>";
		};
		345EB00B24BD7DF600088C8B /* Frameworks */ = {
			isa = PBXGroup;
			children = (
				345EB00D24BD7E0B00088C8B /* NSData+Conversion.h */,
				345EB01124BD7E0B00088C8B /* NSData+Conversion.m */,
				345EB00E24BD7E0B00088C8B /* NSData+Encryption.h */,
				345EB01224BD7E0C00088C8B /* NSData+Encryption.m */,
				345EB00F24BD7E0B00088C8B /* NSString+Encryption.h */,
				345EB01024BD7E0B00088C8B /* NSString+Encryption.m */,
				345EB00C24BD7E0A00088C8B /* PaymentsApp-Bridging-Header.h */,
			);
			path = Frameworks;
			sourceTree = "<group>";
		};
		C02205A43B93910C57F93DCC /* Pods */ = {
			isa = PBXGroup;
			children = (
				75AD39B2437EA4950689D04F /* Pods-PaymentsApp.debug.xcconfig */,
				2E021ADAA5AABDE3E42DFDEE /* Pods-PaymentsApp.release.xcconfig */,
				DB197DE8C9F88B646B45B829 /* Pods-PaymentsApp-PaymentsAppUITests.debug.xcconfig */,
				742EA16B622169BA8406574B /* Pods-PaymentsApp-PaymentsAppUITests.release.xcconfig */,
				EB3C35944817E14738BCA9CF /* Pods-PaymentsAppTests.debug.xcconfig */,
				B74A3BD49B98D43671DA74BE /* Pods-PaymentsAppTests.release.xcconfig */,
			);
			path = Pods;
			sourceTree = "<group>";
		};
/* End PBXGroup section */

/* Begin PBXNativeTarget section */
		342F721E24B5C6A3002808B4 /* PaymentsApp */ = {
			isa = PBXNativeTarget;
			buildConfigurationList = 342F724924B5C6A6002808B4 /* Build configuration list for PBXNativeTarget "PaymentsApp" */;
			buildPhases = (
				CBD1939AB07B4507C59A3E80 /* [CP] Check Pods Manifest.lock */,
				342F721B24B5C6A3002808B4 /* Sources */,
				342F721C24B5C6A3002808B4 /* Frameworks */,
				342F721D24B5C6A3002808B4 /* Resources */,
				BC09321AEA431B8C9458C5EE /* [CP] Embed Pods Frameworks */,
			);
			buildRules = (
			);
			dependencies = (
			);
			name = PaymentsApp;
			productName = PaymentsApp;
			productReference = 342F721F24B5C6A3002808B4 /* PaymentsApp.app */;
			productType = "com.apple.product-type.application";
		};
		342F723424B5C6A6002808B4 /* PaymentsAppTests */ = {
			isa = PBXNativeTarget;
			buildConfigurationList = 342F724C24B5C6A6002808B4 /* Build configuration list for PBXNativeTarget "PaymentsAppTests" */;
			buildPhases = (
				E0E8DABF75A831D2C703D9CB /* [CP] Check Pods Manifest.lock */,
				342F723124B5C6A6002808B4 /* Sources */,
				342F723224B5C6A6002808B4 /* Frameworks */,
				342F723324B5C6A6002808B4 /* Resources */,
			);
			buildRules = (
			);
			dependencies = (
				342F723724B5C6A6002808B4 /* PBXTargetDependency */,
			);
			name = PaymentsAppTests;
			productName = PaymentsAppTests;
			productReference = 342F723524B5C6A6002808B4 /* PaymentsAppTests.xctest */;
			productType = "com.apple.product-type.bundle.unit-test";
		};
		342F723F24B5C6A6002808B4 /* PaymentsAppUITests */ = {
			isa = PBXNativeTarget;
			buildConfigurationList = 342F724F24B5C6A6002808B4 /* Build configuration list for PBXNativeTarget "PaymentsAppUITests" */;
			buildPhases = (
				1570CEE8D31B191CF89DC844 /* [CP] Check Pods Manifest.lock */,
				342F723C24B5C6A6002808B4 /* Sources */,
				342F723D24B5C6A6002808B4 /* Frameworks */,
				342F723E24B5C6A6002808B4 /* Resources */,
				7A467F81F2D3EE4E3B70AB75 /* [CP] Embed Pods Frameworks */,
			);
			buildRules = (
			);
			dependencies = (
				342F724224B5C6A6002808B4 /* PBXTargetDependency */,
			);
			name = PaymentsAppUITests;
			productName = PaymentsAppUITests;
			productReference = 342F724024B5C6A6002808B4 /* PaymentsAppUITests.xctest */;
			productType = "com.apple.product-type.bundle.ui-testing";
		};
/* End PBXNativeTarget section */

/* Begin PBXProject section */
		342F721724B5C6A3002808B4 /* Project object */ = {
			isa = PBXProject;
			attributes = {
				LastSwiftUpdateCheck = 1130;
				LastUpgradeCheck = 1130;
				ORGANIZATIONNAME = "Awais Khalid";
				TargetAttributes = {
					342F721E24B5C6A3002808B4 = {
						CreatedOnToolsVersion = 11.3;
						LastSwiftMigration = 1130;
					};
					342F723424B5C6A6002808B4 = {
						CreatedOnToolsVersion = 11.3;
						TestTargetID = 342F721E24B5C6A3002808B4;
					};
					342F723F24B5C6A6002808B4 = {
						CreatedOnToolsVersion = 11.3;
						TestTargetID = 342F721E24B5C6A3002808B4;
					};
				};
			};
			buildConfigurationList = 342F721A24B5C6A3002808B4 /* Build configuration list for PBXProject "PaymentsApp" */;
			compatibilityVersion = "Xcode 9.3";
			developmentRegion = en;
			hasScannedForEncodings = 0;
			knownRegions = (
				en,
				Base,
			);
			mainGroup = 342F721624B5C6A3002808B4;
			productRefGroup = 342F722024B5C6A3002808B4 /* Products */;
			projectDirPath = "";
			projectRoot = "";
			targets = (
				342F721E24B5C6A3002808B4 /* PaymentsApp */,
				342F723424B5C6A6002808B4 /* PaymentsAppTests */,
				342F723F24B5C6A6002808B4 /* PaymentsAppUITests */,
			);
		};
/* End PBXProject section */

/* Begin PBXResourcesBuildPhase section */
		342F721D24B5C6A3002808B4 /* Resources */ = {
			isa = PBXResourcesBuildPhase;
			buildActionMask = 2147483647;
			files = (
				342F722F24B5C6A6002808B4 /* LaunchScreen.storyboard in Resources */,
				342F722C24B5C6A6002808B4 /* Assets.xcassets in Resources */,
				342F722A24B5C6A3002808B4 /* Main.storyboard in Resources */,
			);
			runOnlyForDeploymentPostprocessing = 0;
		};
		342F723324B5C6A6002808B4 /* Resources */ = {
			isa = PBXResourcesBuildPhase;
			buildActionMask = 2147483647;
			files = (
			);
			runOnlyForDeploymentPostprocessing = 0;
		};
		342F723E24B5C6A6002808B4 /* Resources */ = {
			isa = PBXResourcesBuildPhase;
			buildActionMask = 2147483647;
			files = (
			);
			runOnlyForDeploymentPostprocessing = 0;
		};
/* End PBXResourcesBuildPhase section */

/* Begin PBXShellScriptBuildPhase section */
		1570CEE8D31B191CF89DC844 /* [CP] Check Pods Manifest.lock */ = {
			isa = PBXShellScriptBuildPhase;
			buildActionMask = 2147483647;
			files = (
			);
			inputFileListPaths = (
			);
			inputPaths = (
				"${PODS_PODFILE_DIR_PATH}/Podfile.lock",
				"${PODS_ROOT}/Manifest.lock",
			);
			name = "[CP] Check Pods Manifest.lock";
			outputFileListPaths = (
			);
			outputPaths = (
				"$(DERIVED_FILE_DIR)/Pods-PaymentsApp-PaymentsAppUITests-checkManifestLockResult.txt",
			);
			runOnlyForDeploymentPostprocessing = 0;
			shellPath = /bin/sh;
			shellScript = "diff \"${PODS_PODFILE_DIR_PATH}/Podfile.lock\" \"${PODS_ROOT}/Manifest.lock\" > /dev/null\nif [ $? != 0 ] ; then\n    # print error to STDERR\n    echo \"error: The sandbox is not in sync with the Podfile.lock. Run 'pod install' or update your CocoaPods installation.\" >&2\n    exit 1\nfi\n# This output is used by Xcode 'outputs' to avoid re-running this script phase.\necho \"SUCCESS\" > \"${SCRIPT_OUTPUT_FILE_0}\"\n";
			showEnvVarsInLog = 0;
		};
		7A467F81F2D3EE4E3B70AB75 /* [CP] Embed Pods Frameworks */ = {
			isa = PBXShellScriptBuildPhase;
			buildActionMask = 2147483647;
			files = (
			);
			inputFileListPaths = (
				"${PODS_ROOT}/Target Support Files/Pods-PaymentsApp-PaymentsAppUITests/Pods-PaymentsApp-PaymentsAppUITests-frameworks-${CONFIGURATION}-input-files.xcfilelist",
			);
			name = "[CP] Embed Pods Frameworks";
			outputFileListPaths = (
				"${PODS_ROOT}/Target Support Files/Pods-PaymentsApp-PaymentsAppUITests/Pods-PaymentsApp-PaymentsAppUITests-frameworks-${CONFIGURATION}-output-files.xcfilelist",
			);
			runOnlyForDeploymentPostprocessing = 0;
			shellPath = /bin/sh;
			shellScript = "\"${PODS_ROOT}/Target Support Files/Pods-PaymentsApp-PaymentsAppUITests/Pods-PaymentsApp-PaymentsAppUITests-frameworks.sh\"\n";
			showEnvVarsInLog = 0;
		};
		BC09321AEA431B8C9458C5EE /* [CP] Embed Pods Frameworks */ = {
			isa = PBXShellScriptBuildPhase;
			buildActionMask = 2147483647;
			files = (
			);
			inputFileListPaths = (
				"${PODS_ROOT}/Target Support Files/Pods-PaymentsApp/Pods-PaymentsApp-frameworks-${CONFIGURATION}-input-files.xcfilelist",
			);
			name = "[CP] Embed Pods Frameworks";
			outputFileListPaths = (
				"${PODS_ROOT}/Target Support Files/Pods-PaymentsApp/Pods-PaymentsApp-frameworks-${CONFIGURATION}-output-files.xcfilelist",
			);
			runOnlyForDeploymentPostprocessing = 0;
			shellPath = /bin/sh;
			shellScript = "\"${PODS_ROOT}/Target Support Files/Pods-PaymentsApp/Pods-PaymentsApp-frameworks.sh\"\n";
			showEnvVarsInLog = 0;
		};
		CBD1939AB07B4507C59A3E80 /* [CP] Check Pods Manifest.lock */ = {
			isa = PBXShellScriptBuildPhase;
			buildActionMask = 2147483647;
			files = (
			);
			inputFileListPaths = (
			);
			inputPaths = (
				"${PODS_PODFILE_DIR_PATH}/Podfile.lock",
				"${PODS_ROOT}/Manifest.lock",
			);
			name = "[CP] Check Pods Manifest.lock";
			outputFileListPaths = (
			);
			outputPaths = (
				"$(DERIVED_FILE_DIR)/Pods-PaymentsApp-checkManifestLockResult.txt",
			);
			runOnlyForDeploymentPostprocessing = 0;
			shellPath = /bin/sh;
			shellScript = "diff \"${PODS_PODFILE_DIR_PATH}/Podfile.lock\" \"${PODS_ROOT}/Manifest.lock\" > /dev/null\nif [ $? != 0 ] ; then\n    # print error to STDERR\n    echo \"error: The sandbox is not in sync with the Podfile.lock. Run 'pod install' or update your CocoaPods installation.\" >&2\n    exit 1\nfi\n# This output is used by Xcode 'outputs' to avoid re-running this script phase.\necho \"SUCCESS\" > \"${SCRIPT_OUTPUT_FILE_0}\"\n";
			showEnvVarsInLog = 0;
		};
		E0E8DABF75A831D2C703D9CB /* [CP] Check Pods Manifest.lock */ = {
			isa = PBXShellScriptBuildPhase;
			buildActionMask = 2147483647;
			files = (
			);
			inputFileListPaths = (
			);
			inputPaths = (
				"${PODS_PODFILE_DIR_PATH}/Podfile.lock",
				"${PODS_ROOT}/Manifest.lock",
			);
			name = "[CP] Check Pods Manifest.lock";
			outputFileListPaths = (
			);
			outputPaths = (
				"$(DERIVED_FILE_DIR)/Pods-PaymentsAppTests-checkManifestLockResult.txt",
			);
			runOnlyForDeploymentPostprocessing = 0;
			shellPath = /bin/sh;
			shellScript = "diff \"${PODS_PODFILE_DIR_PATH}/Podfile.lock\" \"${PODS_ROOT}/Manifest.lock\" > /dev/null\nif [ $? != 0 ] ; then\n    # print error to STDERR\n    echo \"error: The sandbox is not in sync with the Podfile.lock. Run 'pod install' or update your CocoaPods installation.\" >&2\n    exit 1\nfi\n# This output is used by Xcode 'outputs' to avoid re-running this script phase.\necho \"SUCCESS\" > \"${SCRIPT_OUTPUT_FILE_0}\"\n";
			showEnvVarsInLog = 0;
		};
/* End PBXShellScriptBuildPhase section */

/* Begin PBXSourcesBuildPhase section */
		342F721B24B5C6A3002808B4 /* Sources */ = {
			isa = PBXSourcesBuildPhase;
			buildActionMask = 2147483647;
			files = (
				342F722724B5C6A3002808B4 /* ViewController.swift in Sources */,
				345EB01524BD7E0C00088C8B /* NSData+Encryption.m in Sources */,
				345EB01924BD7FF800088C8B /* LoginViewModel.swift in Sources */,
				345EB01324BD7E0C00088C8B /* NSString+Encryption.m in Sources */,
				345EB01424BD7E0C00088C8B /* NSData+Conversion.m in Sources */,
				345EB00124BC26A600088C8B /* LoginController.swift in Sources */,
				345EB01F24BD849200088C8B /* ExistingUserMobRegRooted.swift in Sources */,
				345EB01D24BD844300088C8B /* ViewModel.swift in Sources */,
				342F722324B5C6A3002808B4 /* AppDelegate.swift in Sources */,
				345EB00A24BC4B4D00088C8B /* ParentButton.swift in Sources */,
				345EB00424BC2FC400088C8B /* ParentTextField.swift in Sources */,
				345EB01B24BD83F200088C8B /* Dynamic.swift in Sources */,
				345EB01724BD7EF100088C8B /* String+Extension.swift in Sources */,
				345EB00824BC349900088C8B /* UIColor+Extension.swift in Sources */,
			);
			runOnlyForDeploymentPostprocessing = 0;
		};
		342F723124B5C6A6002808B4 /* Sources */ = {
			isa = PBXSourcesBuildPhase;
			buildActionMask = 2147483647;
			files = (
				342F723A24B5C6A6002808B4 /* PaymentsAppTests.swift in Sources */,
			);
			runOnlyForDeploymentPostprocessing = 0;
		};
		342F723C24B5C6A6002808B4 /* Sources */ = {
			isa = PBXSourcesBuildPhase;
			buildActionMask = 2147483647;
			files = (
				342F724524B5C6A6002808B4 /* PaymentsAppUITests.swift in Sources */,
			);
			runOnlyForDeploymentPostprocessing = 0;
		};
/* End PBXSourcesBuildPhase section */

/* Begin PBXTargetDependency section */
		342F723724B5C6A6002808B4 /* PBXTargetDependency */ = {
			isa = PBXTargetDependency;
			target = 342F721E24B5C6A3002808B4 /* PaymentsApp */;
			targetProxy = 342F723624B5C6A6002808B4 /* PBXContainerItemProxy */;
		};
		342F724224B5C6A6002808B4 /* PBXTargetDependency */ = {
			isa = PBXTargetDependency;
			target = 342F721E24B5C6A3002808B4 /* PaymentsApp */;
			targetProxy = 342F724124B5C6A6002808B4 /* PBXContainerItemProxy */;
		};
/* End PBXTargetDependency section */

/* Begin PBXVariantGroup section */
		342F722824B5C6A3002808B4 /* Main.storyboard */ = {
			isa = PBXVariantGroup;
			children = (
				342F722924B5C6A3002808B4 /* Base */,
			);
			name = Main.storyboard;
			sourceTree = "<group>";
		};
		342F722D24B5C6A6002808B4 /* LaunchScreen.storyboard */ = {
			isa = PBXVariantGroup;
			children = (
				342F722E24B5C6A6002808B4 /* Base */,
			);
			name = LaunchScreen.storyboard;
			sourceTree = "<group>";
		};
/* End PBXVariantGroup section */

/* Begin XCBuildConfiguration section */
		342F724724B5C6A6002808B4 /* Debug */ = {
			isa = XCBuildConfiguration;
			buildSettings = {
				ALWAYS_SEARCH_USER_PATHS = NO;
				CLANG_ANALYZER_NONNULL = YES;
				CLANG_ANALYZER_NUMBER_OBJECT_CONVERSION = YES_AGGRESSIVE;
				CLANG_CXX_LANGUAGE_STANDARD = "gnu++14";
				CLANG_CXX_LIBRARY = "libc++";
				CLANG_ENABLE_MODULES = YES;
				CLANG_ENABLE_OBJC_ARC = YES;
				CLANG_ENABLE_OBJC_WEAK = YES;
				CLANG_WARN_BLOCK_CAPTURE_AUTORELEASING = YES;
				CLANG_WARN_BOOL_CONVERSION = YES;
				CLANG_WARN_COMMA = YES;
				CLANG_WARN_CONSTANT_CONVERSION = YES;
				CLANG_WARN_DEPRECATED_OBJC_IMPLEMENTATIONS = YES;
				CLANG_WARN_DIRECT_OBJC_ISA_USAGE = YES_ERROR;
				CLANG_WARN_DOCUMENTATION_COMMENTS = YES;
				CLANG_WARN_EMPTY_BODY = YES;
				CLANG_WARN_ENUM_CONVERSION = YES;
				CLANG_WARN_INFINITE_RECURSION = YES;
				CLANG_WARN_INT_CONVERSION = YES;
				CLANG_WARN_NON_LITERAL_NULL_CONVERSION = YES;
				CLANG_WARN_OBJC_IMPLICIT_RETAIN_SELF = YES;
				CLANG_WARN_OBJC_LITERAL_CONVERSION = YES;
				CLANG_WARN_OBJC_ROOT_CLASS = YES_ERROR;
				CLANG_WARN_RANGE_LOOP_ANALYSIS = YES;
				CLANG_WARN_STRICT_PROTOTYPES = YES;
				CLANG_WARN_SUSPICIOUS_MOVE = YES;
				CLANG_WARN_UNGUARDED_AVAILABILITY = YES_AGGRESSIVE;
				CLANG_WARN_UNREACHABLE_CODE = YES;
				CLANG_WARN__DUPLICATE_METHOD_MATCH = YES;
				COPY_PHASE_STRIP = NO;
				DEBUG_INFORMATION_FORMAT = dwarf;
				ENABLE_STRICT_OBJC_MSGSEND = YES;
				ENABLE_TESTABILITY = YES;
				GCC_C_LANGUAGE_STANDARD = gnu11;
				GCC_DYNAMIC_NO_PIC = NO;
				GCC_NO_COMMON_BLOCKS = YES;
				GCC_OPTIMIZATION_LEVEL = 0;
				GCC_PREPROCESSOR_DEFINITIONS = (
					"DEBUG=1",
					"$(inherited)",
				);
				GCC_WARN_64_TO_32_BIT_CONVERSION = YES;
				GCC_WARN_ABOUT_RETURN_TYPE = YES_ERROR;
				GCC_WARN_UNDECLARED_SELECTOR = YES;
				GCC_WARN_UNINITIALIZED_AUTOS = YES_AGGRESSIVE;
				GCC_WARN_UNUSED_FUNCTION = YES;
				GCC_WARN_UNUSED_VARIABLE = YES;
				IPHONEOS_DEPLOYMENT_TARGET = 13.2;
				MTL_ENABLE_DEBUG_INFO = INCLUDE_SOURCE;
				MTL_FAST_MATH = YES;
				ONLY_ACTIVE_ARCH = YES;
				SDKROOT = iphoneos;
				SWIFT_ACTIVE_COMPILATION_CONDITIONS = DEBUG;
				SWIFT_OPTIMIZATION_LEVEL = "-Onone";
			};
			name = Debug;
		};
		342F724824B5C6A6002808B4 /* Release */ = {
			isa = XCBuildConfiguration;
			buildSettings = {
				ALWAYS_SEARCH_USER_PATHS = NO;
				CLANG_ANALYZER_NONNULL = YES;
				CLANG_ANALYZER_NUMBER_OBJECT_CONVERSION = YES_AGGRESSIVE;
				CLANG_CXX_LANGUAGE_STANDARD = "gnu++14";
				CLANG_CXX_LIBRARY = "libc++";
				CLANG_ENABLE_MODULES = YES;
				CLANG_ENABLE_OBJC_ARC = YES;
				CLANG_ENABLE_OBJC_WEAK = YES;
				CLANG_WARN_BLOCK_CAPTURE_AUTORELEASING = YES;
				CLANG_WARN_BOOL_CONVERSION = YES;
				CLANG_WARN_COMMA = YES;
				CLANG_WARN_CONSTANT_CONVERSION = YES;
				CLANG_WARN_DEPRECATED_OBJC_IMPLEMENTATIONS = YES;
				CLANG_WARN_DIRECT_OBJC_ISA_USAGE = YES_ERROR;
				CLANG_WARN_DOCUMENTATION_COMMENTS = YES;
				CLANG_WARN_EMPTY_BODY = YES;
				CLANG_WARN_ENUM_CONVERSION = YES;
				CLANG_WARN_INFINITE_RECURSION = YES;
				CLANG_WARN_INT_CONVERSION = YES;
				CLANG_WARN_NON_LITERAL_NULL_CONVERSION = YES;
				CLANG_WARN_OBJC_IMPLICIT_RETAIN_SELF = YES;
				CLANG_WARN_OBJC_LITERAL_CONVERSION = YES;
				CLANG_WARN_OBJC_ROOT_CLASS = YES_ERROR;
				CLANG_WARN_RANGE_LOOP_ANALYSIS = YES;
				CLANG_WARN_STRICT_PROTOTYPES = YES;
				CLANG_WARN_SUSPICIOUS_MOVE = YES;
				CLANG_WARN_UNGUARDED_AVAILABILITY = YES_AGGRESSIVE;
				CLANG_WARN_UNREACHABLE_CODE = YES;
				CLANG_WARN__DUPLICATE_METHOD_MATCH = YES;
				COPY_PHASE_STRIP = NO;
				DEBUG_INFORMATION_FORMAT = "dwarf-with-dsym";
				ENABLE_NS_ASSERTIONS = NO;
				ENABLE_STRICT_OBJC_MSGSEND = YES;
				GCC_C_LANGUAGE_STANDARD = gnu11;
				GCC_NO_COMMON_BLOCKS = YES;
				GCC_WARN_64_TO_32_BIT_CONVERSION = YES;
				GCC_WARN_ABOUT_RETURN_TYPE = YES_ERROR;
				GCC_WARN_UNDECLARED_SELECTOR = YES;
				GCC_WARN_UNINITIALIZED_AUTOS = YES_AGGRESSIVE;
				GCC_WARN_UNUSED_FUNCTION = YES;
				GCC_WARN_UNUSED_VARIABLE = YES;
				IPHONEOS_DEPLOYMENT_TARGET = 13.2;
				MTL_ENABLE_DEBUG_INFO = NO;
				MTL_FAST_MATH = YES;
				SDKROOT = iphoneos;
				SWIFT_COMPILATION_MODE = wholemodule;
				SWIFT_OPTIMIZATION_LEVEL = "-O";
				VALIDATE_PRODUCT = YES;
			};
			name = Release;
		};
		342F724A24B5C6A6002808B4 /* Debug */ = {
			isa = XCBuildConfiguration;
			baseConfigurationReference = 75AD39B2437EA4950689D04F /* Pods-PaymentsApp.debug.xcconfig */;
			buildSettings = {
				ASSETCATALOG_COMPILER_APPICON_NAME = AppIcon;
				CLANG_ENABLE_MODULES = YES;
				CODE_SIGN_ENTITLEMENTS = PaymentsApp/PaymentsApp.entitlements;
				CODE_SIGN_STYLE = Automatic;
				DEVELOPMENT_TEAM = 97GS54QT3Z;
				INFOPLIST_FILE = PaymentsApp/Info.plist;
				LD_RUNPATH_SEARCH_PATHS = (
					"$(inherited)",
					"@executable_path/Frameworks",
				);
				MACH_O_TYPE = staticlib;
				PRODUCT_BUNDLE_IDENTIFIER = com.o3interfaces.paymentsapp;
				PRODUCT_NAME = "$(TARGET_NAME)";
				SWIFT_OBJC_BRIDGING_HEADER = "PaymentsApp/Frameworks/PaymentsApp-Bridging-Header.h";
				SWIFT_OPTIMIZATION_LEVEL = "-Onone";
				SWIFT_VERSION = 5.0;
				TARGETED_DEVICE_FAMILY = "1,2";
			};
			name = Debug;
		};
		342F724B24B5C6A6002808B4 /* Release */ = {
			isa = XCBuildConfiguration;
			baseConfigurationReference = 2E021ADAA5AABDE3E42DFDEE /* Pods-PaymentsApp.release.xcconfig */;
			buildSettings = {
				ASSETCATALOG_COMPILER_APPICON_NAME = AppIcon;
				CLANG_ENABLE_MODULES = YES;
				CODE_SIGN_ENTITLEMENTS = PaymentsApp/PaymentsApp.entitlements;
				CODE_SIGN_STYLE = Automatic;
				DEVELOPMENT_TEAM = 97GS54QT3Z;
				INFOPLIST_FILE = PaymentsApp/Info.plist;
				LD_RUNPATH_SEARCH_PATHS = (
					"$(inherited)",
					"@executable_path/Frameworks",
				);
				MACH_O_TYPE = staticlib;
				PRODUCT_BUNDLE_IDENTIFIER = com.o3interfaces.paymentsapp;
				PRODUCT_NAME = "$(TARGET_NAME)";
				SWIFT_OBJC_BRIDGING_HEADER = "PaymentsApp/Frameworks/PaymentsApp-Bridging-Header.h";
				SWIFT_VERSION = 5.0;
				TARGETED_DEVICE_FAMILY = "1,2";
			};
			name = Release;
		};
		342F724D24B5C6A6002808B4 /* Debug */ = {
			isa = XCBuildConfiguration;
			baseConfigurationReference = EB3C35944817E14738BCA9CF /* Pods-PaymentsAppTests.debug.xcconfig */;
			buildSettings = {
				ALWAYS_EMBED_SWIFT_STANDARD_LIBRARIES = YES;
				BUNDLE_LOADER = "$(TEST_HOST)";
				CODE_SIGN_STYLE = Automatic;
				DEVELOPMENT_TEAM = 97GS54QT3Z;
				INFOPLIST_FILE = PaymentsAppTests/Info.plist;
				IPHONEOS_DEPLOYMENT_TARGET = 13.2;
				LD_RUNPATH_SEARCH_PATHS = (
					"$(inherited)",
					"@executable_path/Frameworks",
					"@loader_path/Frameworks",
				);
				PRODUCT_BUNDLE_IDENTIFIER = com.o3interfaces.paymentsapp.PaymentsAppTests;
				PRODUCT_NAME = "$(TARGET_NAME)";
				SWIFT_VERSION = 5.0;
				TARGETED_DEVICE_FAMILY = "1,2";
				TEST_HOST = "$(BUILT_PRODUCTS_DIR)/PaymentsApp.app/PaymentsApp";
			};
			name = Debug;
		};
		342F724E24B5C6A6002808B4 /* Release */ = {
			isa = XCBuildConfiguration;
			baseConfigurationReference = B74A3BD49B98D43671DA74BE /* Pods-PaymentsAppTests.release.xcconfig */;
			buildSettings = {
				ALWAYS_EMBED_SWIFT_STANDARD_LIBRARIES = YES;
				BUNDLE_LOADER = "$(TEST_HOST)";
				CODE_SIGN_STYLE = Automatic;
				DEVELOPMENT_TEAM = 97GS54QT3Z;
				INFOPLIST_FILE = PaymentsAppTests/Info.plist;
				IPHONEOS_DEPLOYMENT_TARGET = 13.2;
				LD_RUNPATH_SEARCH_PATHS = (
					"$(inherited)",
					"@executable_path/Frameworks",
					"@loader_path/Frameworks",
				);
				PRODUCT_BUNDLE_IDENTIFIER = com.o3interfaces.paymentsapp.PaymentsAppTests;
				PRODUCT_NAME = "$(TARGET_NAME)";
				SWIFT_VERSION = 5.0;
				TARGETED_DEVICE_FAMILY = "1,2";
				TEST_HOST = "$(BUILT_PRODUCTS_DIR)/PaymentsApp.app/PaymentsApp";
			};
			name = Release;
		};
		342F725024B5C6A6002808B4 /* Debug */ = {
			isa = XCBuildConfiguration;
			baseConfigurationReference = DB197DE8C9F88B646B45B829 /* Pods-PaymentsApp-PaymentsAppUITests.debug.xcconfig */;
			buildSettings = {
				ALWAYS_EMBED_SWIFT_STANDARD_LIBRARIES = YES;
				CODE_SIGN_STYLE = Automatic;
				DEVELOPMENT_TEAM = 97GS54QT3Z;
				INFOPLIST_FILE = PaymentsAppUITests/Info.plist;
				LD_RUNPATH_SEARCH_PATHS = (
					"$(inherited)",
					"@executable_path/Frameworks",
					"@loader_path/Frameworks",
				);
				PRODUCT_BUNDLE_IDENTIFIER = com.o3interfaces.paymentsapp.PaymentsAppUITests;
				PRODUCT_NAME = "$(TARGET_NAME)";
				SWIFT_VERSION = 5.0;
				TARGETED_DEVICE_FAMILY = "1,2";
				TEST_TARGET_NAME = PaymentsApp;
			};
			name = Debug;
		};
		342F725124B5C6A6002808B4 /* Release */ = {
			isa = XCBuildConfiguration;
			baseConfigurationReference = 742EA16B622169BA8406574B /* Pods-PaymentsApp-PaymentsAppUITests.release.xcconfig */;
			buildSettings = {
				ALWAYS_EMBED_SWIFT_STANDARD_LIBRARIES = YES;
				CODE_SIGN_STYLE = Automatic;
				DEVELOPMENT_TEAM = 97GS54QT3Z;
				INFOPLIST_FILE = PaymentsAppUITests/Info.plist;
				LD_RUNPATH_SEARCH_PATHS = (
					"$(inherited)",
					"@executable_path/Frameworks",
					"@loader_path/Frameworks",
				);
				PRODUCT_BUNDLE_IDENTIFIER = com.o3interfaces.paymentsapp.PaymentsAppUITests;
				PRODUCT_NAME = "$(TARGET_NAME)";
				SWIFT_VERSION = 5.0;
				TARGETED_DEVICE_FAMILY = "1,2";
				TEST_TARGET_NAME = PaymentsApp;
			};
			name = Release;
		};
/* End XCBuildConfiguration section */

/* Begin XCConfigurationList section */
		342F721A24B5C6A3002808B4 /* Build configuration list for PBXProject "PaymentsApp" */ = {
			isa = XCConfigurationList;
			buildConfigurations = (
				342F724724B5C6A6002808B4 /* Debug */,
				342F724824B5C6A6002808B4 /* Release */,
			);
			defaultConfigurationIsVisible = 0;
			defaultConfigurationName = Release;
		};
		342F724924B5C6A6002808B4 /* Build configuration list for PBXNativeTarget "PaymentsApp" */ = {
			isa = XCConfigurationList;
			buildConfigurations = (
				342F724A24B5C6A6002808B4 /* Debug */,
				342F724B24B5C6A6002808B4 /* Release */,
			);
			defaultConfigurationIsVisible = 0;
			defaultConfigurationName = Release;
		};
		342F724C24B5C6A6002808B4 /* Build configuration list for PBXNativeTarget "PaymentsAppTests" */ = {
			isa = XCConfigurationList;
			buildConfigurations = (
				342F724D24B5C6A6002808B4 /* Debug */,
				342F724E24B5C6A6002808B4 /* Release */,
			);
			defaultConfigurationIsVisible = 0;
			defaultConfigurationName = Release;
		};
		342F724F24B5C6A6002808B4 /* Build configuration list for PBXNativeTarget "PaymentsAppUITests" */ = {
			isa = XCConfigurationList;
			buildConfigurations = (
				342F725024B5C6A6002808B4 /* Debug */,
				342F725124B5C6A6002808B4 /* Release */,
			);
			defaultConfigurationIsVisible = 0;
			defaultConfigurationName = Release;
		};
/* End XCConfigurationList section */
	};
	rootObject = 342F721724B5C6A3002808B4 /* Project object */;
}
